// !$*UTF8*$!
{
	archiveVersion = 1;
	classes = {
	};
	objectVersion = 48;
	objects = {

/* Begin PBXBuildFile section */
		8CEF096C1FB5038F0011785E /* AppDelegate.swift in Sources */ = {isa = PBXBuildFile; fileRef = 8CEF096B1FB5038F0011785E /* AppDelegate.swift */; };
		8CEF096E1FB5038F0011785E /* ViewController.swift in Sources */ = {isa = PBXBuildFile; fileRef = 8CEF096D1FB5038F0011785E /* ViewController.swift */; };
		8CEF09711FB5038F0011785E /* Main.storyboard in Resources */ = {isa = PBXBuildFile; fileRef = 8CEF096F1FB5038F0011785E /* Main.storyboard */; };
		8CEF09731FB5038F0011785E /* Assets.xcassets in Resources */ = {isa = PBXBuildFile; fileRef = 8CEF09721FB5038F0011785E /* Assets.xcassets */; };
		8CEF09761FB5038F0011785E /* LaunchScreen.storyboard in Resources */ = {isa = PBXBuildFile; fileRef = 8CEF09741FB5038F0011785E /* LaunchScreen.storyboard */; };
		8CEF09811FB5038F0011785E /* MadLibsTests.swift in Sources */ = {isa = PBXBuildFile; fileRef = 8CEF09801FB5038F0011785E /* MadLibsTests.swift */; };
		8CEF098C1FB5038F0011785E /* MadLibsUITests.swift in Sources */ = {isa = PBXBuildFile; fileRef = 8CEF098B1FB5038F0011785E /* MadLibsUITests.swift */; };
		8CEF099A1FB516350011785E /* Second.swift in Sources */ = {isa = PBXBuildFile; fileRef = 8CEF09991FB516350011785E /* Second.swift */; };
/* End PBXBuildFile section */

/* Begin PBXContainerItemProxy section */
		8CEF097D1FB5038F0011785E /* PBXContainerItemProxy */ = {
			isa = PBXContainerItemProxy;
			containerPortal = 8CEF09601FB5038F0011785E /* Project object */;
			proxyType = 1;
			remoteGlobalIDString = 8CEF09671FB5038F0011785E;
			remoteInfo = MadLibs;
		};
		8CEF09881FB5038F0011785E /* PBXContainerItemProxy */ = {
			isa = PBXContainerItemProxy;
			containerPortal = 8CEF09601FB5038F0011785E /* Project object */;
			proxyType = 1;
			remoteGlobalIDString = 8CEF09671FB5038F0011785E;
			remoteInfo = MadLibs;
		};
/* End PBXContainerItemProxy section */

/* Begin PBXFileReference section */
		8CEF09681FB5038F0011785E /* MadLibs.app */ = {isa = PBXFileReference; explicitFileType = wrapper.application; includeInIndex = 0; path = MadLibs.app; sourceTree = BUILT_PRODUCTS_DIR; };
		8CEF096B1FB5038F0011785E /* AppDelegate.swift */ = {isa = PBXFileReference; lastKnownFileType = sourcecode.swift; path = AppDelegate.swift; sourceTree = "<group>"; };
		8CEF096D1FB5038F0011785E /* ViewController.swift */ = {isa = PBXFileReference; lastKnownFileType = sourcecode.swift; path = ViewController.swift; sourceTree = "<group>"; };
		8CEF09701FB5038F0011785E /* Base */ = {isa = PBXFileReference; lastKnownFileType = file.storyboard; name = Base; path = Base.lproj/Main.storyboard; sourceTree = "<group>"; };
		8CEF09721FB5038F0011785E /* Assets.xcassets */ = {isa = PBXFileReference; lastKnownFileType = folder.assetcatalog; path = Assets.xcassets; sourceTree = "<group>"; };
		8CEF09751FB5038F0011785E /* Base */ = {isa = PBXFileReference; lastKnownFileType = file.storyboard; name = Base; path = Base.lproj/LaunchScreen.storyboard; sourceTree = "<group>"; };
		8CEF09771FB5038F0011785E /* Info.plist */ = {isa = PBXFileReference; lastKnownFileType = text.plist.xml; path = Info.plist; sourceTree = "<group>"; };
		8CEF097C1FB5038F0011785E /* MadLibsTests.xctest */ = {isa = PBXFileReference; explicitFileType = wrapper.cfbundle; includeInIndex = 0; path = MadLibsTests.xctest; sourceTree = BUILT_PRODUCTS_DIR; };
		8CEF09801FB5038F0011785E /* MadLibsTests.swift */ = {isa = PBXFileReference; lastKnownFileType = sourcecode.swift; path = MadLibsTests.swift; sourceTree = "<group>"; };
		8CEF09821FB5038F0011785E /* Info.plist */ = {isa = PBXFileReference; lastKnownFileType = text.plist.xml; path = Info.plist; sourceTree = "<group>"; };
		8CEF09871FB5038F0011785E /* MadLibsUITests.xctest */ = {isa = PBXFileReference; explicitFileType = wrapper.cfbundle; includeInIndex = 0; path = MadLibsUITests.xctest; sourceTree = BUILT_PRODUCTS_DIR; };
		8CEF098B1FB5038F0011785E /* MadLibsUITests.swift */ = {isa = PBXFileReference; lastKnownFileType = sourcecode.swift; path = MadLibsUITests.swift; sourceTree = "<group>"; };
		8CEF098D1FB5038F0011785E /* Info.plist */ = {isa = PBXFileReference; lastKnownFileType = text.plist.xml; path = Info.plist; sourceTree = "<group>"; };
		8CEF09991FB516350011785E /* Second.swift */ = {isa = PBXFileReference; lastKnownFileType = sourcecode.swift; path = Second.swift; sourceTree = "<group>"; };
/* End PBXFileReference section */

/* Begin PBXFrameworksBuildPhase section */
		8CEF09651FB5038F0011785E /* Frameworks */ = {
			isa = PBXFrameworksBuildPhase;
			buildActionMask = 2147483647;
			files = (
			);
			runOnlyForDeploymentPostprocessing = 0;
		};
		8CEF09791FB5038F0011785E /* Frameworks */ = {
			isa = PBXFrameworksBuildPhase;
			buildActionMask = 2147483647;
			files = (
			);
			runOnlyForDeploymentPostprocessing = 0;
		};
		8CEF09841FB5038F0011785E /* Frameworks */ = {
			isa = PBXFrameworksBuildPhase;
			buildActionMask = 2147483647;
			files = (
			);
			runOnlyForDeploymentPostprocessing = 0;
		};
/* End PBXFrameworksBuildPhase section */

/* Begin PBXGroup section */
		8CEF095F1FB5038F0011785E = {
			isa = PBXGroup;
			children = (
				8CEF096A1FB5038F0011785E /* MadLibs */,
				8CEF097F1FB5038F0011785E /* MadLibsTests */,
				8CEF098A1FB5038F0011785E /* MadLibsUITests */,
				8CEF09691FB5038F0011785E /* Products */,
			);
			sourceTree = "<group>";
		};
		8CEF09691FB5038F0011785E /* Products */ = {
			isa = PBXGroup;
			children = (
				8CEF09681FB5038F0011785E /* MadLibs.app */,
				8CEF097C1FB5038F0011785E /* MadLibsTests.xctest */,
				8CEF09871FB5038F0011785E /* MadLibsUITests.xctest */,
			);
			name = Products;
			sourceTree = "<group>";
		};
		8CEF096A1FB5038F0011785E /* MadLibs */ = {
			isa = PBXGroup;
			children = (
				8CEF096B1FB5038F0011785E /* AppDelegate.swift */,
				8CEF096D1FB5038F0011785E /* ViewController.swift */,
				8CEF096F1FB5038F0011785E /* Main.storyboard */,
				8CEF09991FB516350011785E /* Second.swift */,
				8CEF09721FB5038F0011785E /* Assets.xcassets */,
				8CEF09741FB5038F0011785E /* LaunchScreen.storyboard */,
				8CEF09771FB5038F0011785E /* Info.plist */,
			);
			path = MadLibs;
			sourceTree = "<group>";
		};
		8CEF097F1FB5038F0011785E /* MadLibsTests */ = {
			isa = PBXGroup;
			children = (
				8CEF09801FB5038F0011785E /* MadLibsTests.swift */,
				8CEF09821FB5038F0011785E /* Info.plist */,
			);
			path = MadLibsTests;
			sourceTree = "<group>";
		};
		8CEF098A1FB5038F0011785E /* MadLibsUITests */ = {
			isa = PBXGroup;
			children = (
				8CEF098B1FB5038F0011785E /* MadLibsUITests.swift */,
				8CEF098D1FB5038F0011785E /* Info.plist */,
			);
			path = MadLibsUITests;
			sourceTree = "<group>";
		};
/* End PBXGroup section */

/* Begin PBXNativeTarget section */
		8CEF09671FB5038F0011785E /* MadLibs */ = {
			isa = PBXNativeTarget;
			buildConfigurationList = 8CEF09901FB5038F0011785E /* Build configuration list for PBXNativeTarget "MadLibs" */;
			buildPhases = (
				8CEF09641FB5038F0011785E /* Sources */,
				8CEF09651FB5038F0011785E /* Frameworks */,
				8CEF09661FB5038F0011785E /* Resources */,
			);
			buildRules = (
			);
			dependencies = (
			);
			name = MadLibs;
			productName = MadLibs;
			productReference = 8CEF09681FB5038F0011785E /* MadLibs.app */;
			productType = "com.apple.product-type.application";
		};
		8CEF097B1FB5038F0011785E /* MadLibsTests */ = {
			isa = PBXNativeTarget;
			buildConfigurationList = 8CEF09931FB5038F0011785E /* Build configuration list for PBXNativeTarget "MadLibsTests" */;
			buildPhases = (
				8CEF09781FB5038F0011785E /* Sources */,
				8CEF09791FB5038F0011785E /* Frameworks */,
				8CEF097A1FB5038F0011785E /* Resources */,
			);
			buildRules = (
			);
			dependencies = (
				8CEF097E1FB5038F0011785E /* PBXTargetDependency */,
			);
			name = MadLibsTests;
			productName = MadLibsTests;
			productReference = 8CEF097C1FB5038F0011785E /* MadLibsTests.xctest */;
			productType = "com.apple.product-type.bundle.unit-test";
		};
		8CEF09861FB5038F0011785E /* MadLibsUITests */ = {
			isa = PBXNativeTarget;
			buildConfigurationList = 8CEF09961FB5038F0011785E /* Build configuration list for PBXNativeTarget "MadLibsUITests" */;
			buildPhases = (
				8CEF09831FB5038F0011785E /* Sources */,
				8CEF09841FB5038F0011785E /* Frameworks */,
				8CEF09851FB5038F0011785E /* Resources */,
			);
			buildRules = (
			);
			dependencies = (
				8CEF09891FB5038F0011785E /* PBXTargetDependency */,
			);
			name = MadLibsUITests;
			productName = MadLibsUITests;
			productReference = 8CEF09871FB5038F0011785E /* MadLibsUITests.xctest */;
			productType = "com.apple.product-type.bundle.ui-testing";
		};
/* End PBXNativeTarget section */

/* Begin PBXProject section */
		8CEF09601FB5038F0011785E /* Project object */ = {
			isa = PBXProject;
			attributes = {
				LastSwiftUpdateCheck = 0900;
				LastUpgradeCheck = 0900;
				ORGANIZATIONNAME = "Tiffani Fox";
				TargetAttributes = {
					8CEF09671FB5038F0011785E = {
						CreatedOnToolsVersion = 9.0.1;
						ProvisioningStyle = Automatic;
					};
					8CEF097B1FB5038F0011785E = {
						CreatedOnToolsVersion = 9.0.1;
						ProvisioningStyle = Automatic;
						TestTargetID = 8CEF09671FB5038F0011785E;
					};
					8CEF09861FB5038F0011785E = {
						CreatedOnToolsVersion = 9.0.1;
						ProvisioningStyle = Automatic;
						TestTargetID = 8CEF09671FB5038F0011785E;
					};
				};
			};
			buildConfigurationList = 8CEF09631FB5038F0011785E /* Build configuration list for PBXProject "MadLibs" */;
			compatibilityVersion = "Xcode 8.0";
			developmentRegion = en;
			hasScannedForEncodings = 0;
			knownRegions = (
				en,
				Base,
			);
			mainGroup = 8CEF095F1FB5038F0011785E;
			productRefGroup = 8CEF09691FB5038F0011785E /* Products */;
			projectDirPath = "";
			projectRoot = "";
			targets = (
				8CEF09671FB5038F0011785E /* MadLibs */,
				8CEF097B1FB5038F0011785E /* MadLibsTests */,
				8CEF09861FB5038F0011785E /* MadLibsUITests */,
			);
		};
/* End PBXProject section */

/* Begin PBXResourcesBuildPhase section */
		8CEF09661FB5038F0011785E /* Resources */ = {
			isa = PBXResourcesBuildPhase;
			buildActionMask = 2147483647;
			files = (
				8CEF09761FB5038F0011785E /* LaunchScreen.storyboard in Resources */,
				8CEF09731FB5038F0011785E /* Assets.xcassets in Resources */,
				8CEF09711FB5038F0011785E /* Main.storyboard in Resources */,
			);
			runOnlyForDeploymentPostprocessing = 0;
		};
		8CEF097A1FB5038F0011785E /* Resources */ = {
			isa = PBXResourcesBuildPhase;
			buildActionMask = 2147483647;
			files = (
			);
			runOnlyForDeploymentPostprocessing = 0;
		};
		8CEF09851FB5038F0011785E /* Resources */ = {
			isa = PBXResourcesBuildPhase;
			buildActionMask = 2147483647;
			files = (
			);
			runOnlyForDeploymentPostprocessing = 0;
		};
/* End PBXResourcesBuildPhase section */

/* Begin PBXSourcesBuildPhase section */
		8CEF09641FB5038F0011785E /* Sources */ = {
			isa = PBXSourcesBuildPhase;
			buildActionMask = 2147483647;
			files = (
				8CEF096E1FB5038F0011785E /* ViewController.swift in Sources */,
				8CEF096C1FB5038F0011785E /* AppDelegate.swift in Sources */,
				8CEF099A1FB516350011785E /* Second.swift in Sources */,
			);
			runOnlyForDeploymentPostprocessing = 0;
		};
		8CEF09781FB5038F0011785E /* Sources */ = {
			isa = PBXSourcesBuildPhase;
			buildActionMask = 2147483647;
			files = (
				8CEF09811FB5038F0011785E /* MadLibsTests.swift in Sources */,
			);
			runOnlyForDeploymentPostprocessing = 0;
		};
		8CEF09831FB5038F0011785E /* Sources */ = {
			isa = PBXSourcesBuildPhase;
			buildActionMask = 2147483647;
			files = (
				8CEF098C1FB5038F0011785E /* MadLibsUITests.swift in Sources */,
			);
			runOnlyForDeploymentPostprocessing = 0;
		};
/* End PBXSourcesBuildPhase section */

/* Begin PBXTargetDependency section */
		8CEF097E1FB5038F0011785E /* PBXTargetDependency */ = {
			isa = PBXTargetDependency;
			target = 8CEF09671FB5038F0011785E /* MadLibs */;
			targetProxy = 8CEF097D1FB5038F0011785E /* PBXContainerItemProxy */;
		};
		8CEF09891FB5038F0011785E /* PBXTargetDependency */ = {
			isa = PBXTargetDependency;
			target = 8CEF09671FB5038F0011785E /* MadLibs */;
			targetProxy = 8CEF09881FB5038F0011785E /* PBXContainerItemProxy */;
		};
/* End PBXTargetDependency section */

/* Begin PBXVariantGroup section */
		8CEF096F1FB5038F0011785E /* Main.storyboard */ = {
			isa = PBXVariantGroup;
			children = (
				8CEF09701FB5038F0011785E /* Base */,
			);
			name = Main.storyboard;
			sourceTree = "<group>";
		};
		8CEF09741FB5038F0011785E /* LaunchScreen.storyboard */ = {
			isa = PBXVariantGroup;
			children = (
				8CEF09751FB5038F0011785E /* Base */,
			);
			name = LaunchScreen.storyboard;
			sourceTree = "<group>";
		};
/* End PBXVariantGroup section */

/* Begin XCBuildConfiguration section */
		8CEF098E1FB5038F0011785E /* Debug */ = {
			isa = XCBuildConfiguration;
			buildSettings = {
				ALWAYS_SEARCH_USER_PATHS = NO;
				CLANG_ANALYZER_NONNULL = YES;
				CLANG_ANALYZER_NUMBER_OBJECT_CONVERSION = YES_AGGRESSIVE;
				CLANG_CXX_LANGUAGE_STANDARD = "gnu++14";
				CLANG_CXX_LIBRARY = "libc++";
				CLANG_ENABLE_MODULES = YES;
				CLANG_ENABLE_OBJC_ARC = YES;
				CLANG_WARN_BLOCK_CAPTURE_AUTORELEASING = YES;
				CLANG_WARN_BOOL_CONVERSION = YES;
				CLANG_WARN_COMMA = YES;
				CLANG_WARN_CONSTANT_CONVERSION = YES;
				CLANG_WARN_DIRECT_OBJC_ISA_USAGE = YES_ERROR;
				CLANG_WARN_DOCUMENTATION_COMMENTS = YES;
				CLANG_WARN_EMPTY_BODY = YES;
				CLANG_WARN_ENUM_CONVERSION = YES;
				CLANG_WARN_INFINITE_RECURSION = YES;
				CLANG_WARN_INT_CONVERSION = YES;
				CLANG_WARN_NON_LITERAL_NULL_CONVERSION = YES;
				CLANG_WARN_OBJC_LITERAL_CONVERSION = YES;
				CLANG_WARN_OBJC_ROOT_CLASS = YES_ERROR;
				CLANG_WARN_RANGE_LOOP_ANALYSIS = YES;
				CLANG_WARN_STRICT_PROTOTYPES = YES;
				CLANG_WARN_SUSPICIOUS_MOVE = YES;
				CLANG_WARN_UNGUARDED_AVAILABILITY = YES_AGGRESSIVE;
				CLANG_WARN_UNREACHABLE_CODE = YES;
				CLANG_WARN__DUPLICATE_METHOD_MATCH = YES;
				CODE_SIGN_IDENTITY = "iPhone Developer";
				COPY_PHASE_STRIP = NO;
				DEBUG_INFORMATION_FORMAT = dwarf;
				ENABLE_STRICT_OBJC_MSGSEND = YES;
				ENABLE_TESTABILITY = YES;
				GCC_C_LANGUAGE_STANDARD = gnu11;
				GCC_DYNAMIC_NO_PIC = NO;
				GCC_NO_COMMON_BLOCKS = YES;
				GCC_OPTIMIZATION_LEVEL = 0;
				GCC_PREPROCESSOR_DEFINITIONS = (
					"DEBUG=1",
					"$(inherited)",
				);
				GCC_WARN_64_TO_32_BIT_CONVERSION = YES;
				GCC_WARN_ABOUT_RETURN_TYPE = YES_ERROR;
				GCC_WARN_UNDECLARED_SELECTOR = YES;
				GCC_WARN_UNINITIALIZED_AUTOS = YES_AGGRESSIVE;
				GCC_WARN_UNUSED_FUNCTION = YES;
				GCC_WARN_UNUSED_VARIABLE = YES;
				IPHONEOS_DEPLOYMENT_TARGET = 11.0;
				MTL_ENABLE_DEBUG_INFO = YES;
				ONLY_ACTIVE_ARCH = YES;
				SDKROOT = iphoneos;
				SWIFT_ACTIVE_COMPILATION_CONDITIONS = DEBUG;
				SWIFT_OPTIMIZATION_LEVEL = "-Onone";
			};
			name = Debug;
		};
		8CEF098F1FB5038F0011785E /* Release */ = {
			isa = XCBuildConfiguration;
			buildSettings = {
				ALWAYS_SEARCH_USER_PATHS = NO;
				CLANG_ANALYZER_NONNULL = YES;
				CLANG_ANALYZER_NUMBER_OBJECT_CONVERSION = YES_AGGRESSIVE;
				CLANG_CXX_LANGUAGE_STANDARD = "gnu++14";
				CLANG_CXX_LIBRARY = "libc++";
				CLANG_ENABLE_MODULES = YES;
				CLANG_ENABLE_OBJC_ARC = YES;
				CLANG_WARN_BLOCK_CAPTURE_AUTORELEASING = YES;
				CLANG_WARN_BOOL_CONVERSION = YES;
				CLANG_WARN_COMMA = YES;
				CLANG_WARN_CONSTANT_CONVERSION = YES;
				CLANG_WARN_DIRECT_OBJC_ISA_USAGE = YES_ERROR;
				CLANG_WARN_DOCUMENTATION_COMMENTS = YES;
				CLANG_WARN_EMPTY_BODY = YES;
				CLANG_WARN_ENUM_CONVERSION = YES;
				CLANG_WARN_INFINITE_RECURSION = YES;
				CLANG_WARN_INT_CONVERSION = YES;
				CLANG_WARN_NON_LITERAL_NULL_CONVERSION = YES;
				CLANG_WARN_OBJC_LITERAL_CONVERSION = YES;
				CLANG_WARN_OBJC_ROOT_CLASS = YES_ERROR;
				CLANG_WARN_RANGE_LOOP_ANALYSIS = YES;
				CLANG_WARN_STRICT_PROTOTYPES = YES;
				CLANG_WARN_SUSPICIOUS_MOVE = YES;
				CLANG_WARN_UNGUARDED_AVAILABILITY = YES_AGGRESSIVE;
				CLANG_WARN_UNREACHABLE_CODE = YES;
				CLANG_WARN__DUPLICATE_METHOD_MATCH = YES;
				CODE_SIGN_IDENTITY = "iPhone Developer";
				COPY_PHASE_STRIP = NO;
				DEBUG_INFORMATION_FORMAT = "dwarf-with-dsym";
				ENABLE_NS_ASSERTIONS = NO;
				ENABLE_STRICT_OBJC_MSGSEND = YES;
				GCC_C_LANGUAGE_STANDARD = gnu11;
				GCC_NO_COMMON_BLOCKS = YES;
				GCC_WARN_64_TO_32_BIT_CONVERSION = YES;
				GCC_WARN_ABOUT_RETURN_TYPE = YES_ERROR;
				GCC_WARN_UNDECLARED_SELECTOR = YES;
				GCC_WARN_UNINITIALIZED_AUTOS = YES_AGGRESSIVE;
				GCC_WARN_UNUSED_FUNCTION = YES;
				GCC_WARN_UNUSED_VARIABLE = YES;
				IPHONEOS_DEPLOYMENT_TARGET = 11.0;
				MTL_ENABLE_DEBUG_INFO = NO;
				SDKROOT = iphoneos;
				SWIFT_OPTIMIZATION_LEVEL = "-Owholemodule";
				VALIDATE_PRODUCT = YES;
			};
			name = Release;
		};
		8CEF09911FB5038F0011785E /* Debug */ = {
			isa = XCBuildConfiguration;
			buildSettings = {
				ASSETCATALOG_COMPILER_APPICON_NAME = AppIcon;
				CODE_SIGN_STYLE = Automatic;
				INFOPLIST_FILE = MadLibs/Info.plist;
				LD_RUNPATH_SEARCH_PATHS = "$(inherited) @executable_path/Frameworks";
				PRODUCT_BUNDLE_IDENTIFIER = com.codingdojo.MadLibs;
				PRODUCT_NAME = "$(TARGET_NAME)";
				SWIFT_VERSION = 4.0;
				TARGETED_DEVICE_FAMILY = "1,2";
			};
			name = Debug;
		};
		8CEF09921FB5038F0011785E /* Release */ = {
			isa = XCBuildConfiguration;
			buildSettings = {
				ASSETCATALOG_COMPILER_APPICON_NAME = AppIcon;
				CODE_SIGN_STYLE = Automatic;
				INFOPLIST_FILE = MadLibs/Info.plist;
				LD_RUNPATH_SEARCH_PATHS = "$(inherited) @executable_path/Frameworks";
				PRODUCT_BUNDLE_IDENTIFIER = com.codingdojo.MadLibs;
				PRODUCT_NAME = "$(TARGET_NAME)";
				SWIFT_VERSION = 4.0;
				TARGETED_DEVICE_FAMILY = "1,2";
			};
			name = Release;
		};
		8CEF09941FB5038F0011785E /* Debug */ = {
			isa = XCBuildConfiguration;
			buildSettings = {
				ALWAYS_EMBED_SWIFT_STANDARD_LIBRARIES = YES;
				BUNDLE_LOADER = "$(TEST_HOST)";
				CODE_SIGN_STYLE = Automatic;
				INFOPLIST_FILE = MadLibsTests/Info.plist;
				LD_RUNPATH_SEARCH_PATHS = "$(inherited) @executable_path/Frameworks @loader_path/Frameworks";
				PRODUCT_BUNDLE_IDENTIFIER = com.codingdojo.MadLibsTests;
				PRODUCT_NAME = "$(TARGET_NAME)";
				SWIFT_VERSION = 4.0;
				TARGETED_DEVICE_FAMILY = "1,2";
				TEST_HOST = "$(BUILT_PRODUCTS_DIR)/MadLibs.app/MadLibs";
			};
			name = Debug;
		};
		8CEF09951FB5038F0011785E /* Release */ = {
			isa = XCBuildConfiguration;
			buildSettings = {
				ALWAYS_EMBED_SWIFT_STANDARD_LIBRARIES = YES;
				BUNDLE_LOADER = "$(TEST_HOST)";
				CODE_SIGN_STYLE = Automatic;
				INFOPLIST_FILE = MadLibsTests/Info.plist;
				LD_RUNPATH_SEARCH_PATHS = "$(inherited) @executable_path/Frameworks @loader_path/Frameworks";
				PRODUCT_BUNDLE_IDENTIFIER = com.codingdojo.MadLibsTests;
				PRODUCT_NAME = "$(TARGET_NAME)";
				SWIFT_VERSION = 4.0;
				TARGETED_DEVICE_FAMILY = "1,2";
				TEST_HOST = "$(BUILT_PRODUCTS_DIR)/MadLibs.app/MadLibs";
			};
			name = Release;
		};
		8CEF09971FB5038F0011785E /* Debug */ = {
			isa = XCBuildConfiguration;
			buildSettings = {
				ALWAYS_EMBED_SWIFT_STANDARD_LIBRARIES = YES;
				CODE_SIGN_STYLE = Automatic;
				INFOPLIST_FILE = MadLibsUITests/Info.plist;
				LD_RUNPATH_SEARCH_PATHS = "$(inherited) @executable_path/Frameworks @loader_path/Frameworks";
				PRODUCT_BUNDLE_IDENTIFIER = com.codingdojo.MadLibsUITests;
				PRODUCT_NAME = "$(TARGET_NAME)";
				SWIFT_VERSION = 4.0;
				TARGETED_DEVICE_FAMILY = "1,2";
				TEST_TARGET_NAME = MadLibs;
			};
			name = Debug;
		};
		8CEF09981FB5038F0011785E /* Release */ = {
			isa = XCBuildConfiguration;
			buildSettings = {
				ALWAYS_EMBED_SWIFT_STANDARD_LIBRARIES = YES;
				CODE_SIGN_STYLE = Automatic;
				INFOPLIST_FILE = MadLibsUITests/Info.plist;
				LD_RUNPATH_SEARCH_PATHS = "$(inherited) @executable_path/Frameworks @loader_path/Frameworks";
				PRODUCT_BUNDLE_IDENTIFIER = com.codingdojo.MadLibsUITests;
				PRODUCT_NAME = "$(TARGET_NAME)";
				SWIFT_VERSION = 4.0;
				TARGETED_DEVICE_FAMILY = "1,2";
				TEST_TARGET_NAME = MadLibs;
			};
			name = Release;
		};
/* End XCBuildConfiguration section */

/* Begin XCConfigurationList section */
		8CEF09631FB5038F0011785E /* Build configuration list for PBXProject "MadLibs" */ = {
			isa = XCConfigurationList;
			buildConfigurations = (
				8CEF098E1FB5038F0011785E /* Debug */,
				8CEF098F1FB5038F0011785E /* Release */,
			);
			defaultConfigurationIsVisible = 0;
			defaultConfigurationName = Release;
		};
		8CEF09901FB5038F0011785E /* Build configuration list for PBXNativeTarget "MadLibs" */ = {
			isa = XCConfigurationList;
			buildConfigurations = (
				8CEF09911FB5038F0011785E /* Debug */,
				8CEF09921FB5038F0011785E /* Release */,
			);
			defaultConfigurationIsVisible = 0;
			defaultConfigurationName = Release;
		};
		8CEF09931FB5038F0011785E /* Build configuration list for PBXNativeTarget "MadLibsTests" */ = {
			isa = XCConfigurationList;
			buildConfigurations = (
				8CEF09941FB5038F0011785E /* Debug */,
				8CEF09951FB5038F0011785E /* Release */,
			);
			defaultConfigurationIsVisible = 0;
			defaultConfigurationName = Release;
		};
		8CEF09961FB5038F0011785E /* Build configuration list for PBXNativeTarget "MadLibsUITests" */ = {
			isa = XCConfigurationList;
			buildConfigurations = (
				8CEF09971FB5038F0011785E /* Debug */,
				8CEF09981FB5038F0011785E /* Release */,
			);
			defaultConfigurationIsVisible = 0;
			defaultConfigurationName = Release;
		};
/* End XCConfigurationList section */
	};
	rootObject = 8CEF09601FB5038F0011785E /* Project object */;
}
